Microsoft Visual Studio Solution File, Format Version 12.00
# Visual Studio Version 17
VisualStudioVersion = 17.13.35931.197
MinimumVisualStudioVersion = 10.0.40219.1
Project("{FAE04EC0-301F-11D3-BF4B-00C04F79EFBC}") = "Factorydesign", "Factorydesign\Factorydesign.csproj", "{5891A988-35FF-472D-B48A-7ADD482EC56E}"
EndProject
Global
	GlobalSection(SolutionConfigurationPlatforms) = preSolution
		Debug|Any CPU = Debug|Any CPU
		Release|Any CPU = Release|Any CPU
	EndGlobalSection
	GlobalSection(ProjectConfigurationPlatforms) = postSolution
		{5891A988-35FF-472D-B48A-7ADD482EC56E}.Debug|Any CPU.ActiveCfg = Debug|Any CPU
		{5891A988-35FF-472D-B48A-7ADD482EC56E}.Debug|Any CPU.Build.0 = Debug|Any CPU
		{5891A988-35FF-472D-B48A-7ADD482EC56E}.Release|Any CPU.ActiveCfg = Release|Any CPU
		{5891A988-35FF-472D-B48A-7ADD482EC56E}.Release|Any CPU.Build.0 = Release|Any CPU
	EndGlobalSection
	GlobalSection(SolutionProperties) = preSolution
		HideSolutionNode = FALSE
	EndGlobalSection
	GlobalSection(ExtensibilityGlobals) = postSolution
		SolutionGuid = {AC8D593D-BB45-4B21-9EFC-801D6141006D}
	EndGlobalSection
EndGlobal
